
Microsoft Visual Studio Solution File, Format Version 12.00
# Visual Studio 15
VisualStudioVersion = 15.0.28307.271
MinimumVisualStudioVersion = 10.0.40219.1
Project("{FAE04EC0-301F-11D3-BF4B-00C04F79EFBC}") = "Exercicio01", "Exercicio01\Exercicio01.csproj", "{4B98A963-4149-4DCA-85C3-6CF1413852B8}"
EndProject
Global
	GlobalSection(SolutionConfigurationPlatforms) = preSolution
		Debug|Any CPU = Debug|Any CPU
		Release|Any CPU = Release|Any CPU
	EndGlobalSection
	GlobalSection(ProjectConfigurationPlatforms) = postSolution
		{4B98A963-4149-4DCA-85C3-6CF1413852B8}.Debug|Any CPU.ActiveCfg = Debug|Any CPU
		{4B98A963-4149-4DCA-85C3-6CF1413852B8}.Debug|Any CPU.Build.0 = Debug|Any CPU
		{4B98A963-4149-4DCA-85C3-6CF1413852B8}.Release|Any CPU.ActiveCfg = Release|Any CPU
		{4B98A963-4149-4DCA-85C3-6CF1413852B8}.Release|Any CPU.Build.0 = Release|Any CPU
	EndGlobalSection
	GlobalSection(SolutionProperties) = preSolution
		HideSolutionNode = FALSE
	EndGlobalSection
	GlobalSection(ExtensibilityGlobals) = postSolution
		SolutionGuid = {14B6826D-F4EC-48E5-8DE8-72D2053803AF}
	EndGlobalSection
EndGlobal
